// !$*UTF8*$!
{
	archiveVersion = 1;
	classes = {
	};
	objectVersion = 56;
	objects = {

/* Begin PBXBuildFile section */
		2A8992B1296585E0006741D7 /* MusicViewController.swift in Sources */ = {isa = PBXBuildFile; fileRef = 2A8992B0296585E0006741D7 /* MusicViewController.swift */; };
		2A8992B429658EA6006741D7 /* MusicTableViewCell.swift in Sources */ = {isa = PBXBuildFile; fileRef = 2A8992B229658EA6006741D7 /* MusicTableViewCell.swift */; };
		2A8992B529658EA6006741D7 /* MusicTableViewCell.xib in Resources */ = {isa = PBXBuildFile; fileRef = 2A8992B329658EA6006741D7 /* MusicTableViewCell.xib */; };
		2A8992B729659DAB006741D7 /* Music.swift in Sources */ = {isa = PBXBuildFile; fileRef = 2A8992B629659DAB006741D7 /* Music.swift */; };
		2A8992BD2965B643006741D7 /* SDWebImage in Frameworks */ = {isa = PBXBuildFile; productRef = 2A8992BC2965B643006741D7 /* SDWebImage */; };
		2AC822B1295D9E1900BB9139 /* AppDelegate.swift in Sources */ = {isa = PBXBuildFile; fileRef = 2AC822B0295D9E1900BB9139 /* AppDelegate.swift */; };
		2AC822B3295D9E1900BB9139 /* SceneDelegate.swift in Sources */ = {isa = PBXBuildFile; fileRef = 2AC822B2295D9E1900BB9139 /* SceneDelegate.swift */; };
		2AC822B5295D9E1900BB9139 /* ViewController.swift in Sources */ = {isa = PBXBuildFile; fileRef = 2AC822B4295D9E1900BB9139 /* ViewController.swift */; };
		2AC822B8295D9E1900BB9139 /* Main.storyboard in Resources */ = {isa = PBXBuildFile; fileRef = 2AC822B6295D9E1900BB9139 /* Main.storyboard */; };
		2AC822BA295D9E1B00BB9139 /* Assets.xcassets in Resources */ = {isa = PBXBuildFile; fileRef = 2AC822B9295D9E1B00BB9139 /* Assets.xcassets */; };
		2AC822BD295D9E1B00BB9139 /* LaunchScreen.storyboard in Resources */ = {isa = PBXBuildFile; fileRef = 2AC822BB295D9E1B00BB9139 /* LaunchScreen.storyboard */; };
		2AD41D052962238C001F16A0 /* SecondViewController.swift in Sources */ = {isa = PBXBuildFile; fileRef = 2AD41D042962238B001F16A0 /* SecondViewController.swift */; };
		2AD41D072962F193001F16A0 /* UniversitiesViewController.swift in Sources */ = {isa = PBXBuildFile; fileRef = 2AD41D062962F193001F16A0 /* UniversitiesViewController.swift */; };
		2AD41D0A2962F55D001F16A0 /* University.swift in Sources */ = {isa = PBXBuildFile; fileRef = 2AD41D092962F55D001F16A0 /* University.swift */; };
		2AD41D0F29630D3A001F16A0 /* UniversityTableViewCell.swift in Sources */ = {isa = PBXBuildFile; fileRef = 2AD41D0D29630D3A001F16A0 /* UniversityTableViewCell.swift */; };
		2AD41D1029630D3A001F16A0 /* UniversityTableViewCell.xib in Resources */ = {isa = PBXBuildFile; fileRef = 2AD41D0E29630D3A001F16A0 /* UniversityTableViewCell.xib */; };
/* End PBXBuildFile section */

/* Begin PBXFileReference section */
		2A8992B0296585E0006741D7 /* MusicViewController.swift */ = {isa = PBXFileReference; lastKnownFileType = sourcecode.swift; path = MusicViewController.swift; sourceTree = "<group>"; };
		2A8992B229658EA6006741D7 /* MusicTableViewCell.swift */ = {isa = PBXFileReference; lastKnownFileType = sourcecode.swift; path = MusicTableViewCell.swift; sourceTree = "<group>"; };
		2A8992B329658EA6006741D7 /* MusicTableViewCell.xib */ = {isa = PBXFileReference; lastKnownFileType = file.xib; path = MusicTableViewCell.xib; sourceTree = "<group>"; };
		2A8992B629659DAB006741D7 /* Music.swift */ = {isa = PBXFileReference; lastKnownFileType = sourcecode.swift; path = Music.swift; sourceTree = "<group>"; };
		2AC822AD295D9E1900BB9139 /* week-4-hw-2.app */ = {isa = PBXFileReference; explicitFileType = wrapper.application; includeInIndex = 0; path = "week-4-hw-2.app"; sourceTree = BUILT_PRODUCTS_DIR; };
		2AC822B0295D9E1900BB9139 /* AppDelegate.swift */ = {isa = PBXFileReference; lastKnownFileType = sourcecode.swift; path = AppDelegate.swift; sourceTree = "<group>"; };
		2AC822B2295D9E1900BB9139 /* SceneDelegate.swift */ = {isa = PBXFileReference; lastKnownFileType = sourcecode.swift; path = SceneDelegate.swift; sourceTree = "<group>"; };
		2AC822B4295D9E1900BB9139 /* ViewController.swift */ = {isa = PBXFileReference; lastKnownFileType = sourcecode.swift; path = ViewController.swift; sourceTree = "<group>"; };
		2AC822B7295D9E1900BB9139 /* Base */ = {isa = PBXFileReference; lastKnownFileType = file.storyboard; name = Base; path = Base.lproj/Main.storyboard; sourceTree = "<group>"; };
		2AC822B9295D9E1B00BB9139 /* Assets.xcassets */ = {isa = PBXFileReference; lastKnownFileType = folder.assetcatalog; path = Assets.xcassets; sourceTree = "<group>"; };
		2AC822BC295D9E1B00BB9139 /* Base */ = {isa = PBXFileReference; lastKnownFileType = file.storyboard; name = Base; path = Base.lproj/LaunchScreen.storyboard; sourceTree = "<group>"; };
		2AC822BE295D9E1B00BB9139 /* Info.plist */ = {isa = PBXFileReference; lastKnownFileType = text.plist.xml; path = Info.plist; sourceTree = "<group>"; };
		2AD41D042962238B001F16A0 /* SecondViewController.swift */ = {isa = PBXFileReference; lastKnownFileType = sourcecode.swift; path = SecondViewController.swift; sourceTree = "<group>"; };
		2AD41D062962F193001F16A0 /* UniversitiesViewController.swift */ = {isa = PBXFileReference; lastKnownFileType = sourcecode.swift; path = UniversitiesViewController.swift; sourceTree = "<group>"; };
		2AD41D092962F55D001F16A0 /* University.swift */ = {isa = PBXFileReference; lastKnownFileType = sourcecode.swift; path = University.swift; sourceTree = "<group>"; };
		2AD41D0D29630D3A001F16A0 /* UniversityTableViewCell.swift */ = {isa = PBXFileReference; lastKnownFileType = sourcecode.swift; path = UniversityTableViewCell.swift; sourceTree = "<group>"; };
		2AD41D0E29630D3A001F16A0 /* UniversityTableViewCell.xib */ = {isa = PBXFileReference; lastKnownFileType = file.xib; path = UniversityTableViewCell.xib; sourceTree = "<group>"; };
/* End PBXFileReference section */

/* Begin PBXFrameworksBuildPhase section */
		2AC822AA295D9E1900BB9139 /* Frameworks */ = {
			isa = PBXFrameworksBuildPhase;
			buildActionMask = 2147483647;
			files = (
				2A8992BD2965B643006741D7 /* SDWebImage in Frameworks */,
			);
			runOnlyForDeploymentPostprocessing = 0;
		};
/* End PBXFrameworksBuildPhase section */

/* Begin PBXGroup section */
		2A8992BE2965D8D3006741D7 /* Delegates */ = {
			isa = PBXGroup;
			children = (
				2AC822B0295D9E1900BB9139 /* AppDelegate.swift */,
				2AC822B2295D9E1900BB9139 /* SceneDelegate.swift */,
			);
			path = Delegates;
			sourceTree = "<group>";
		};
		2A8992BF2965D8EA006741D7 /* View Controllers */ = {
			isa = PBXGroup;
			children = (
				2AC822B4295D9E1900BB9139 /* ViewController.swift */,
				2AD41D042962238B001F16A0 /* SecondViewController.swift */,
				2AD41D062962F193001F16A0 /* UniversitiesViewController.swift */,
				2A8992B0296585E0006741D7 /* MusicViewController.swift */,
			);
			path = "View Controllers";
			sourceTree = "<group>";
		};
		2AC822A4295D9E1900BB9139 = {
			isa = PBXGroup;
			children = (
				2AC822AF295D9E1900BB9139 /* week-4-hw-2 */,
				2AC822AE295D9E1900BB9139 /* Products */,
			);
			sourceTree = "<group>";
		};
		2AC822AE295D9E1900BB9139 /* Products */ = {
			isa = PBXGroup;
			children = (
				2AC822AD295D9E1900BB9139 /* week-4-hw-2.app */,
			);
			name = Products;
			sourceTree = "<group>";
		};
		2AC822AF295D9E1900BB9139 /* week-4-hw-2 */ = {
			isa = PBXGroup;
			children = (
				2A8992BE2965D8D3006741D7 /* Delegates */,
				2AD41D0C29630CF1001F16A0 /* Cells */,
				2AD41D082962F54B001F16A0 /* Model */,
				2A8992BF2965D8EA006741D7 /* View Controllers */,
				2AC822B6295D9E1900BB9139 /* Main.storyboard */,
				2AC822BB295D9E1B00BB9139 /* LaunchScreen.storyboard */,
				2AC822B9295D9E1B00BB9139 /* Assets.xcassets */,
				2AC822BE295D9E1B00BB9139 /* Info.plist */,
			);
			path = "week-4-hw-2";
			sourceTree = "<group>";
		};
		2AD41D082962F54B001F16A0 /* Model */ = {
			isa = PBXGroup;
			children = (
				2AD41D092962F55D001F16A0 /* University.swift */,
				2A8992B629659DAB006741D7 /* Music.swift */,
			);
			path = Model;
			sourceTree = "<group>";
		};
		2AD41D0C29630CF1001F16A0 /* Cells */ = {
			isa = PBXGroup;
			children = (
				2AD41D0D29630D3A001F16A0 /* UniversityTableViewCell.swift */,
				2AD41D0E29630D3A001F16A0 /* UniversityTableViewCell.xib */,
				2A8992B229658EA6006741D7 /* MusicTableViewCell.swift */,
				2A8992B329658EA6006741D7 /* MusicTableViewCell.xib */,
			);
			path = Cells;
			sourceTree = "<group>";
		};
/* End PBXGroup section */

/* Begin PBXNativeTarget section */
		2AC822AC295D9E1900BB9139 /* week-4-hw-2 */ = {
			isa = PBXNativeTarget;
			buildConfigurationList = 2AC822C1295D9E1B00BB9139 /* Build configuration list for PBXNativeTarget "week-4-hw-2" */;
			buildPhases = (
				2AC822A9295D9E1900BB9139 /* Sources */,
				2AC822AA295D9E1900BB9139 /* Frameworks */,
				2AC822AB295D9E1900BB9139 /* Resources */,
			);
			buildRules = (
			);
			dependencies = (
			);
			name = "week-4-hw-2";
			packageProductDependencies = (
				2A8992BC2965B643006741D7 /* SDWebImage */,
			);
			productName = "week-4-hw-2";
			productReference = 2AC822AD295D9E1900BB9139 /* week-4-hw-2.app */;
			productType = "com.apple.product-type.application";
		};
/* End PBXNativeTarget section */

/* Begin PBXProject section */
		2AC822A5295D9E1900BB9139 /* Project object */ = {
			isa = PBXProject;
			attributes = {
				BuildIndependentTargetsInParallel = 1;
				LastSwiftUpdateCheck = 1400;
				LastUpgradeCheck = 1400;
				TargetAttributes = {
					2AC822AC295D9E1900BB9139 = {
						CreatedOnToolsVersion = 14.0.1;
					};
				};
			};
			buildConfigurationList = 2AC822A8295D9E1900BB9139 /* Build configuration list for PBXProject "week-4-hw-2" */;
			compatibilityVersion = "Xcode 14.0";
			developmentRegion = en;
			hasScannedForEncodings = 0;
			knownRegions = (
				en,
				Base,
			);
			mainGroup = 2AC822A4295D9E1900BB9139;
			packageReferences = (
				2A8992BB2965B643006741D7 /* XCRemoteSwiftPackageReference "SDWebImage" */,
			);
			productRefGroup = 2AC822AE295D9E1900BB9139 /* Products */;
			projectDirPath = "";
			projectRoot = "";
			targets = (
				2AC822AC295D9E1900BB9139 /* week-4-hw-2 */,
			);
		};
/* End PBXProject section */

/* Begin PBXResourcesBuildPhase section */
		2AC822AB295D9E1900BB9139 /* Resources */ = {
			isa = PBXResourcesBuildPhase;
			buildActionMask = 2147483647;
			files = (
				2AC822BD295D9E1B00BB9139 /* LaunchScreen.storyboard in Resources */,
				2AD41D1029630D3A001F16A0 /* UniversityTableViewCell.xib in Resources */,
				2AC822BA295D9E1B00BB9139 /* Assets.xcassets in Resources */,
				2AC822B8295D9E1900BB9139 /* Main.storyboard in Resources */,
				2A8992B529658EA6006741D7 /* MusicTableViewCell.xib in Resources */,
			);
			runOnlyForDeploymentPostprocessing = 0;
		};
/* End PBXResourcesBuildPhase section */

/* Begin PBXSourcesBuildPhase section */
		2AC822A9295D9E1900BB9139 /* Sources */ = {
			isa = PBXSourcesBuildPhase;
			buildActionMask = 2147483647;
			files = (
				2AD41D052962238C001F16A0 /* SecondViewController.swift in Sources */,
				2AC822B5295D9E1900BB9139 /* ViewController.swift in Sources */,
				2AC822B1295D9E1900BB9139 /* AppDelegate.swift in Sources */,
				2AD41D072962F193001F16A0 /* UniversitiesViewController.swift in Sources */,
				2A8992B1296585E0006741D7 /* MusicViewController.swift in Sources */,
				2AC822B3295D9E1900BB9139 /* SceneDelegate.swift in Sources */,
				2AD41D0F29630D3A001F16A0 /* UniversityTableViewCell.swift in Sources */,
				2A8992B729659DAB006741D7 /* Music.swift in Sources */,
				2AD41D0A2962F55D001F16A0 /* University.swift in Sources */,
				2A8992B429658EA6006741D7 /* MusicTableViewCell.swift in Sources */,
			);
			runOnlyForDeploymentPostprocessing = 0;
		};
/* End PBXSourcesBuildPhase section */

/* Begin PBXVariantGroup section */
		2AC822B6295D9E1900BB9139 /* Main.storyboard */ = {
			isa = PBXVariantGroup;
			children = (
				2AC822B7295D9E1900BB9139 /* Base */,
			);
			name = Main.storyboard;
			sourceTree = "<group>";
		};
		2AC822BB295D9E1B00BB9139 /* LaunchScreen.storyboard */ = {
			isa = PBXVariantGroup;
			children = (
				2AC822BC295D9E1B00BB9139 /* Base */,
			);
			name = LaunchScreen.storyboard;
			sourceTree = "<group>";
		};
/* End PBXVariantGroup section */

/* Begin XCBuildConfiguration section */
		2AC822BF295D9E1B00BB9139 /* Debug */ = {
			isa = XCBuildConfiguration;
			buildSettings = {
				ALWAYS_SEARCH_USER_PATHS = NO;
				CLANG_ANALYZER_NONNULL = YES;
				CLANG_ANALYZER_NUMBER_OBJECT_CONVERSION = YES_AGGRESSIVE;
				CLANG_CXX_LANGUAGE_STANDARD = "gnu++20";
				CLANG_ENABLE_MODULES = YES;
				CLANG_ENABLE_OBJC_ARC = YES;
				CLANG_ENABLE_OBJC_WEAK = YES;
				CLANG_WARN_BLOCK_CAPTURE_AUTORELEASING = YES;
				CLANG_WARN_BOOL_CONVERSION = YES;
				CLANG_WARN_COMMA = YES;
				CLANG_WARN_CONSTANT_CONVERSION = YES;
				CLANG_WARN_DEPRECATED_OBJC_IMPLEMENTATIONS = YES;
				CLANG_WARN_DIRECT_OBJC_ISA_USAGE = YES_ERROR;
				CLANG_WARN_DOCUMENTATION_COMMENTS = YES;
				CLANG_WARN_EMPTY_BODY = YES;
				CLANG_WARN_ENUM_CONVERSION = YES;
				CLANG_WARN_INFINITE_RECURSION = YES;
				CLANG_WARN_INT_CONVERSION = YES;
				CLANG_WARN_NON_LITERAL_NULL_CONVERSION = YES;
				CLANG_WARN_OBJC_IMPLICIT_RETAIN_SELF = YES;
				CLANG_WARN_OBJC_LITERAL_CONVERSION = YES;
				CLANG_WARN_OBJC_ROOT_CLASS = YES_ERROR;
				CLANG_WARN_QUOTED_INCLUDE_IN_FRAMEWORK_HEADER = YES;
				CLANG_WARN_RANGE_LOOP_ANALYSIS = YES;
				CLANG_WARN_STRICT_PROTOTYPES = YES;
				CLANG_WARN_SUSPICIOUS_MOVE = YES;
				CLANG_WARN_UNGUARDED_AVAILABILITY = YES_AGGRESSIVE;
				CLANG_WARN_UNREACHABLE_CODE = YES;
				CLANG_WARN__DUPLICATE_METHOD_MATCH = YES;
				COPY_PHASE_STRIP = NO;
				DEBUG_INFORMATION_FORMAT = dwarf;
				ENABLE_STRICT_OBJC_MSGSEND = YES;
				ENABLE_TESTABILITY = YES;
				GCC_C_LANGUAGE_STANDARD = gnu11;
				GCC_DYNAMIC_NO_PIC = NO;
				GCC_NO_COMMON_BLOCKS = YES;
				GCC_OPTIMIZATION_LEVEL = 0;
				GCC_PREPROCESSOR_DEFINITIONS = (
					"DEBUG=1",
					"$(inherited)",
				);
				GCC_WARN_64_TO_32_BIT_CONVERSION = YES;
				GCC_WARN_ABOUT_RETURN_TYPE = YES_ERROR;
				GCC_WARN_UNDECLARED_SELECTOR = YES;
				GCC_WARN_UNINITIALIZED_AUTOS = YES_AGGRESSIVE;
				GCC_WARN_UNUSED_FUNCTION = YES;
				GCC_WARN_UNUSED_VARIABLE = YES;
				IPHONEOS_DEPLOYMENT_TARGET = 16.0;
				MTL_ENABLE_DEBUG_INFO = INCLUDE_SOURCE;
				MTL_FAST_MATH = YES;
				ONLY_ACTIVE_ARCH = YES;
				SDKROOT = iphoneos;
				SWIFT_ACTIVE_COMPILATION_CONDITIONS = DEBUG;
				SWIFT_OPTIMIZATION_LEVEL = "-Onone";
			};
			name = Debug;
		};
		2AC822C0295D9E1B00BB9139 /* Release */ = {
			isa = XCBuildConfiguration;
			buildSettings = {
				ALWAYS_SEARCH_USER_PATHS = NO;
				CLANG_ANALYZER_NONNULL = YES;
				CLANG_ANALYZER_NUMBER_OBJECT_CONVERSION = YES_AGGRESSIVE;
				CLANG_CXX_LANGUAGE_STANDARD = "gnu++20";
				CLANG_ENABLE_MODULES = YES;
				CLANG_ENABLE_OBJC_ARC = YES;
				CLANG_ENABLE_OBJC_WEAK = YES;
				CLANG_WARN_BLOCK_CAPTURE_AUTORELEASING = YES;
				CLANG_WARN_BOOL_CONVERSION = YES;
				CLANG_WARN_COMMA = YES;
				CLANG_WARN_CONSTANT_CONVERSION = YES;
				CLANG_WARN_DEPRECATED_OBJC_IMPLEMENTATIONS = YES;
				CLANG_WARN_DIRECT_OBJC_ISA_USAGE = YES_ERROR;
				CLANG_WARN_DOCUMENTATION_COMMENTS = YES;
				CLANG_WARN_EMPTY_BODY = YES;
				CLANG_WARN_ENUM_CONVERSION = YES;
				CLANG_WARN_INFINITE_RECURSION = YES;
				CLANG_WARN_INT_CONVERSION = YES;
				CLANG_WARN_NON_LITERAL_NULL_CONVERSION = YES;
				CLANG_WARN_OBJC_IMPLICIT_RETAIN_SELF = YES;
				CLANG_WARN_OBJC_LITERAL_CONVERSION = YES;
				CLANG_WARN_OBJC_ROOT_CLASS = YES_ERROR;
				CLANG_WARN_QUOTED_INCLUDE_IN_FRAMEWORK_HEADER = YES;
				CLANG_WARN_RANGE_LOOP_ANALYSIS = YES;
				CLANG_WARN_STRICT_PROTOTYPES = YES;
				CLANG_WARN_SUSPICIOUS_MOVE = YES;
				CLANG_WARN_UNGUARDED_AVAILABILITY = YES_AGGRESSIVE;
				CLANG_WARN_UNREACHABLE_CODE = YES;
				CLANG_WARN__DUPLICATE_METHOD_MATCH = YES;
				COPY_PHASE_STRIP = NO;
				DEBUG_INFORMATION_FORMAT = "dwarf-with-dsym";
				ENABLE_NS_ASSERTIONS = NO;
				ENABLE_STRICT_OBJC_MSGSEND = YES;
				GCC_C_LANGUAGE_STANDARD = gnu11;
				GCC_NO_COMMON_BLOCKS = YES;
				GCC_WARN_64_TO_32_BIT_CONVERSION = YES;
				GCC_WARN_ABOUT_RETURN_TYPE = YES_ERROR;
				GCC_WARN_UNDECLARED_SELECTOR = YES;
				GCC_WARN_UNINITIALIZED_AUTOS = YES_AGGRESSIVE;
				GCC_WARN_UNUSED_FUNCTION = YES;
				GCC_WARN_UNUSED_VARIABLE = YES;
				IPHONEOS_DEPLOYMENT_TARGET = 16.0;
				MTL_ENABLE_DEBUG_INFO = NO;
				MTL_FAST_MATH = YES;
				SDKROOT = iphoneos;
				SWIFT_COMPILATION_MODE = wholemodule;
				SWIFT_OPTIMIZATION_LEVEL = "-O";
				VALIDATE_PRODUCT = YES;
			};
			name = Release;
		};
		2AC822C2295D9E1B00BB9139 /* Debug */ = {
			isa = XCBuildConfiguration;
			buildSettings = {
				ASSETCATALOG_COMPILER_APPICON_NAME = AppIcon;
				ASSETCATALOG_COMPILER_GLOBAL_ACCENT_COLOR_NAME = AccentColor;
				CODE_SIGN_STYLE = Automatic;
				CURRENT_PROJECT_VERSION = 1;
				DEVELOPMENT_TEAM = ADS37N348J;
				GENERATE_INFOPLIST_FILE = YES;
				INFOPLIST_FILE = "week-4-hw-2/Info.plist";
				INFOPLIST_KEY_UIApplicationSupportsIndirectInputEvents = YES;
				INFOPLIST_KEY_UILaunchStoryboardName = LaunchScreen;
				INFOPLIST_KEY_UIMainStoryboardFile = Main;
				INFOPLIST_KEY_UISupportedInterfaceOrientations_iPad = "UIInterfaceOrientationPortrait UIInterfaceOrientationPortraitUpsideDown UIInterfaceOrientationLandscapeLeft UIInterfaceOrientationLandscapeRight";
				INFOPLIST_KEY_UISupportedInterfaceOrientations_iPhone = "UIInterfaceOrientationPortrait UIInterfaceOrientationLandscapeLeft UIInterfaceOrientationLandscapeRight";
				LD_RUNPATH_SEARCH_PATHS = (
					"$(inherited)",
					"@executable_path/Frameworks",
				);
				MARKETING_VERSION = 1.0;
				PRODUCT_BUNDLE_IDENTIFIER = "com.mahmutyazar.week-4-hw-2";
				PRODUCT_NAME = "$(TARGET_NAME)";
				SWIFT_EMIT_LOC_STRINGS = YES;
				SWIFT_VERSION = 5.0;
				TARGETED_DEVICE_FAMILY = "1,2";
			};
			name = Debug;
		};
		2AC822C3295D9E1B00BB9139 /* Release */ = {
			isa = XCBuildConfiguration;
			buildSettings = {
				ASSETCATALOG_COMPILER_APPICON_NAME = AppIcon;
				ASSETCATALOG_COMPILER_GLOBAL_ACCENT_COLOR_NAME = AccentColor;
				CODE_SIGN_STYLE = Automatic;
				CURRENT_PROJECT_VERSION = 1;
				DEVELOPMENT_TEAM = ADS37N348J;
				GENERATE_INFOPLIST_FILE = YES;
				INFOPLIST_FILE = "week-4-hw-2/Info.plist";
				INFOPLIST_KEY_UIApplicationSupportsIndirectInputEvents = YES;
				INFOPLIST_KEY_UILaunchStoryboardName = LaunchScreen;
				INFOPLIST_KEY_UIMainStoryboardFile = Main;
				INFOPLIST_KEY_UISupportedInterfaceOrientations_iPad = "UIInterfaceOrientationPortrait UIInterfaceOrientationPortraitUpsideDown UIInterfaceOrientationLandscapeLeft UIInterfaceOrientationLandscapeRight";
				INFOPLIST_KEY_UISupportedInterfaceOrientations_iPhone = "UIInterfaceOrientationPortrait UIInterfaceOrientationLandscapeLeft UIInterfaceOrientationLandscapeRight";
				LD_RUNPATH_SEARCH_PATHS = (
					"$(inherited)",
					"@executable_path/Frameworks",
				);
				MARKETING_VERSION = 1.0;
				PRODUCT_BUNDLE_IDENTIFIER = "com.mahmutyazar.week-4-hw-2";
				PRODUCT_NAME = "$(TARGET_NAME)";
				SWIFT_EMIT_LOC_STRINGS = YES;
				SWIFT_VERSION = 5.0;
				TARGETED_DEVICE_FAMILY = "1,2";
			};
			name = Release;
		};
/* End XCBuildConfiguration section */

/* Begin XCConfigurationList section */
		2AC822A8295D9E1900BB9139 /* Build configuration list for PBXProject "week-4-hw-2" */ = {
			isa = XCConfigurationList;
			buildConfigurations = (
				2AC822BF295D9E1B00BB9139 /* Debug */,
				2AC822C0295D9E1B00BB9139 /* Release */,
			);
			defaultConfigurationIsVisible = 0;
			defaultConfigurationName = Release;
		};
		2AC822C1295D9E1B00BB9139 /* Build configuration list for PBXNativeTarget "week-4-hw-2" */ = {
			isa = XCConfigurationList;
			buildConfigurations = (
				2AC822C2295D9E1B00BB9139 /* Debug */,
				2AC822C3295D9E1B00BB9139 /* Release */,
			);
			defaultConfigurationIsVisible = 0;
			defaultConfigurationName = Release;
		};
/* End XCConfigurationList section */

/* Begin XCRemoteSwiftPackageReference section */
		2A8992BB2965B643006741D7 /* XCRemoteSwiftPackageReference "SDWebImage" */ = {
			isa = XCRemoteSwiftPackageReference;
			repositoryURL = "https://github.com/SDWebImage/SDWebImage.git";
			requirement = {
				branch = master;
				kind = branch;
			};
		};
/* End XCRemoteSwiftPackageReference section */

/* Begin XCSwiftPackageProductDependency section */
		2A8992BC2965B643006741D7 /* SDWebImage */ = {
			isa = XCSwiftPackageProductDependency;
			package = 2A8992BB2965B643006741D7 /* XCRemoteSwiftPackageReference "SDWebImage" */;
			productName = SDWebImage;
		};
/* End XCSwiftPackageProductDependency section */
	};
	rootObject = 2AC822A5295D9E1900BB9139 /* Project object */;
}
